
Microsoft Visual Studio Solution File, Format Version 12.00
# Visual Studio Version 16
VisualStudioVersion = 16.0.29209.62
MinimumVisualStudioVersion = 10.0.40219.1
Project("{FAE04EC0-301F-11D3-BF4B-00C04F79EFBC}") = "MvcMapping", "MvcMapping\MvcMapping.csproj", "{1796527E-542A-4ACF-903D-0CDCE6E5CF43}"
EndProject
Project("{FAE04EC0-301F-11D3-BF4B-00C04F79EFBC}") = "CMapping", "CMapping\CMapping.csproj", "{6B12F006-EACC-41C3-9146-F7960D81DE9D}"
EndProject
Global
	GlobalSection(SolutionConfigurationPlatforms) = preSolution
		Debug|Any CPU = Debug|Any CPU
		Release|Any CPU = Release|Any CPU
	EndGlobalSection
	GlobalSection(ProjectConfigurationPlatforms) = postSolution
		{1796527E-542A-4ACF-903D-0CDCE6E5CF43}.Debug|Any CPU.ActiveCfg = Debug|Any CPU
		{1796527E-542A-4ACF-903D-0CDCE6E5CF43}.Debug|Any CPU.Build.0 = Debug|Any CPU
		{1796527E-542A-4ACF-903D-0CDCE6E5CF43}.Release|Any CPU.ActiveCfg = Release|Any CPU
		{1796527E-542A-4ACF-903D-0CDCE6E5CF43}.Release|Any CPU.Build.0 = Release|Any CPU
		{6B12F006-EACC-41C3-9146-F7960D81DE9D}.Debug|Any CPU.ActiveCfg = Debug|Any CPU
		{6B12F006-EACC-41C3-9146-F7960D81DE9D}.Debug|Any CPU.Build.0 = Debug|Any CPU
		{6B12F006-EACC-41C3-9146-F7960D81DE9D}.Release|Any CPU.ActiveCfg = Release|Any CPU
		{6B12F006-EACC-41C3-9146-F7960D81DE9D}.Release|Any CPU.Build.0 = Release|Any CPU
	EndGlobalSection
	GlobalSection(SolutionProperties) = preSolution
		HideSolutionNode = FALSE
	EndGlobalSection
	GlobalSection(ExtensibilityGlobals) = postSolution
		SolutionGuid = {F5204493-2B27-4F6A-992C-C8C1B4A32837}
	EndGlobalSection
EndGlobal
